
Microsoft Visual Studio Solution File, Format Version 12.00
# Visual Studio Version 17
VisualStudioVersion = 17.5.33516.290
MinimumVisualStudioVersion = 10.0.40219.1
Project("{9A19103F-16F7-4668-BE54-9A1E7A4F7556}") = "Domain", "src\Domain\Domain.csproj", "{7FA113AD-43C9-432C-AA72-62605F8DBFDA}"
EndProject
Project("{9A19103F-16F7-4668-BE54-9A1E7A4F7556}") = "Server", "src\Server\Server.csproj", "{8E1B8113-A653-41EE-BF5F-676D6EB32021}"
EndProject
Project("{FAE04EC0-301F-11D3-BF4B-00C04F79EFBC}") = "Client", "src\Client\Client.csproj", "{F819241C-12E8-44A0-9F63-599D9EB64F3E}"
EndProject
Global
	GlobalSection(SolutionConfigurationPlatforms) = preSolution
		Debug|Any CPU = Debug|Any CPU
		Release|Any CPU = Release|Any CPU
	EndGlobalSection
	GlobalSection(ProjectConfigurationPlatforms) = postSolution
		{7FA113AD-43C9-432C-AA72-62605F8DBFDA}.Debug|Any CPU.ActiveCfg = Debug|Any CPU
		{7FA113AD-43C9-432C-AA72-62605F8DBFDA}.Debug|Any CPU.Build.0 = Debug|Any CPU
		{7FA113AD-43C9-432C-AA72-62605F8DBFDA}.Release|Any CPU.ActiveCfg = Release|Any CPU
		{7FA113AD-43C9-432C-AA72-62605F8DBFDA}.Release|Any CPU.Build.0 = Release|Any CPU
		{8E1B8113-A653-41EE-BF5F-676D6EB32021}.Debug|Any CPU.ActiveCfg = Debug|Any CPU
		{8E1B8113-A653-41EE-BF5F-676D6EB32021}.Debug|Any CPU.Build.0 = Debug|Any CPU
		{8E1B8113-A653-41EE-BF5F-676D6EB32021}.Release|Any CPU.ActiveCfg = Release|Any CPU
		{8E1B8113-A653-41EE-BF5F-676D6EB32021}.Release|Any CPU.Build.0 = Release|Any CPU
		{F819241C-12E8-44A0-9F63-599D9EB64F3E}.Debug|Any CPU.ActiveCfg = Debug|Any CPU
		{F819241C-12E8-44A0-9F63-599D9EB64F3E}.Debug|Any CPU.Build.0 = Debug|Any CPU
		{F819241C-12E8-44A0-9F63-599D9EB64F3E}.Release|Any CPU.ActiveCfg = Release|Any CPU
		{F819241C-12E8-44A0-9F63-599D9EB64F3E}.Release|Any CPU.Build.0 = Release|Any CPU
	EndGlobalSection
	GlobalSection(SolutionProperties) = preSolution
		HideSolutionNode = FALSE
	EndGlobalSection
	GlobalSection(ExtensibilityGlobals) = postSolution
		SolutionGuid = {7A209068-8156-4056-90DB-233F92D618AC}
	EndGlobalSection
EndGlobal
